{
  "nodes": {
    "espresso-flake": {
      "inputs": {
        "nixpkgs": "nixpkgs"
      },
      "locked": {
        "lastModified": 1692843014,
        "narHash": "sha256-5zSyIN1zgmOQweybz9IWwNN8b2BYwQ9I+aoHFdP7iEk=",
        "owner": "pineapplehunter",
        "repo": "espresso-flake",
        "rev": "7557792fe02e9e35bb0a9959149fb9031ba9514a",
        "type": "github"
      },
      "original": {
        "owner": "pineapplehunter",
        "repo": "espresso-flake",
        "type": "github"
      }
    },
    "flake-utils": {
      "inputs": {
        "systems": "systems"
      },
      "locked": {
        "lastModified": 1692799911,
        "narHash": "sha256-3eihraek4qL744EvQXsK1Ha6C3CR7nnT8X2qWap4RNk=",
        "owner": "numtide",
        "repo": "flake-utils",
        "rev": "f9e7cf818399d17d347f847525c5a5a8032e4e44",
        "type": "github"
      },
      "original": {
        "owner": "numtide",
        "repo": "flake-utils",
        "type": "github"
      }
    },
    "nix-filter": {
      "locked": {
        "lastModified": 1687178632,
        "narHash": "sha256-HS7YR5erss0JCaUijPeyg2XrisEb959FIct3n2TMGbE=",
        "owner": "numtide",
        "repo": "nix-filter",
        "rev": "d90c75e8319d0dd9be67d933d8eb9d0894ec9174",
        "type": "github"
      },
      "original": {
        "owner": "numtide",
        "repo": "nix-filter",
        "type": "github"
      }
    },
    "nix-sbt": {
      "inputs": {
        "flake-utils": [
          "flake-utils"
        ],
        "nixpkgs": [
          "nixpkgs"
        ]
      },
      "locked": {
        "lastModified": 1675083208,
        "narHash": "sha256-+sSFhSpV2jckr1qYlX/SaxQ6IdpagD6o4rru/3HAl0I=",
        "owner": "zaninime",
        "repo": "sbt-derivation",
        "rev": "92d6d6d825e3f6ae5642d1cce8ff571c3368aaf7",
        "type": "github"
      },
      "original": {
        "owner": "zaninime",
        "repo": "sbt-derivation",
        "type": "github"
      }
    },
    "nixpkgs": {
      "locked": {
        "lastModified": 1692742407,
        "narHash": "sha256-faLzZ2u3Wki8h9ykEfzQr19B464eyADP3Ux7A/vjKIY=",
        "owner": "NixOS",
        "repo": "nixpkgs",
        "rev": "a2eca347ae1e542af3f818274c38305c1e00604c",
        "type": "github"
      },
      "original": {
        "id": "nixpkgs",
        "type": "indirect"
      }
    },
    "nixpkgs_2": {
      "locked": {
        "lastModified": 1693145325,
        "narHash": "sha256-Gat9xskErH1zOcLjYMhSDBo0JTBZKfGS0xJlIRnj6Rc=",
        "owner": "NixOS",
        "repo": "nixpkgs",
        "rev": "cddebdb60de376c1bdb7a4e6ee3d98355453fe56",
        "type": "github"
      },
      "original": {
        "id": "nixpkgs",
        "ref": "nixpkgs-unstable",
        "type": "indirect"
      }
    },
    "riscv-test-src": {
      "flake": false,
      "locked": {
        "lastModified": 1690215307,
        "narHash": "sha256-OG8t4w6LMyOqhH3FLnIEQGGG+IsX1VQjcfwUzcWNC/M=",
        "ref": "refs/heads/master",
        "rev": "d4eaa5bd6674b51d3b9b24913713c4638e99cdd9",
        "revCount": 935,
        "submodules": true,
        "type": "git",
        "url": "https://github.com/riscv-software-src/riscv-tests"
      },
      "original": {
        "submodules": true,
        "type": "git",
        "url": "https://github.com/riscv-software-src/riscv-tests"
      }
    },
    "root": {
      "inputs": {
        "espresso-flake": "espresso-flake",
        "flake-utils": "flake-utils",
        "nix-filter": "nix-filter",
        "nix-sbt": "nix-sbt",
        "nixpkgs": "nixpkgs_2",
        "riscv-test-src": "riscv-test-src"
      }
    },
    "systems": {
      "locked": {
        "lastModified": 1681028828,
        "narHash": "sha256-Vy1rq5AaRuLzOxct8nz4T6wlgyUR7zLU309k9mBC768=",
        "owner": "nix-systems",
        "repo": "default",
        "rev": "da67096a3b9bf56a91d16901293e51ba5b49a27e",
        "type": "github"
      },
      "original": {
        "owner": "nix-systems",
        "repo": "default",
        "type": "github"
      }
    }
  },
  "root": "root",
  "version": 7
}
